
Microsoft Visual Studio Solution File, Format Version 12.00
# Visual Studio 14
VisualStudioVersion = 14.0.25420.1
MinimumVisualStudioVersion = 10.0.40219.1
Project("{FAE04EC0-301F-11D3-BF4B-00C04F79EFBC}") = "PruebaWE", "PruebaWE\PruebaWE.csproj", "{F2613BC2-1692-43DC-844E-D5715B8071D4}"
	ProjectSection(ProjectDependencies) = postProject
		{B6B69839-6434-41E0-923F-1FBE9E25E5A9} = {B6B69839-6434-41E0-923F-1FBE9E25E5A9}
	EndProjectSection
EndProject
Project("{FAE04EC0-301F-11D3-BF4B-00C04F79EFBC}") = "Modelo.Prueba", "Modelo.Prueba\Modelo.Prueba.csproj", "{B6B69839-6434-41E0-923F-1FBE9E25E5A9}"
EndProject
Project("{FAE04EC0-301F-11D3-BF4B-00C04F79EFBC}") = "FormularioPersona", "FormularioPersona\FormularioPersona.csproj", "{2E54B8E1-75B0-420B-AE38-B4329167D7E5}"
EndProject
Global
	GlobalSection(SolutionConfigurationPlatforms) = preSolution
		Debug|Any CPU = Debug|Any CPU
		Release|Any CPU = Release|Any CPU
	EndGlobalSection
	GlobalSection(ProjectConfigurationPlatforms) = postSolution
		{F2613BC2-1692-43DC-844E-D5715B8071D4}.Debug|Any CPU.ActiveCfg = Debug|Any CPU
		{F2613BC2-1692-43DC-844E-D5715B8071D4}.Debug|Any CPU.Build.0 = Debug|Any CPU
		{F2613BC2-1692-43DC-844E-D5715B8071D4}.Release|Any CPU.ActiveCfg = Release|Any CPU
		{F2613BC2-1692-43DC-844E-D5715B8071D4}.Release|Any CPU.Build.0 = Release|Any CPU
		{B6B69839-6434-41E0-923F-1FBE9E25E5A9}.Debug|Any CPU.ActiveCfg = Debug|Any CPU
		{B6B69839-6434-41E0-923F-1FBE9E25E5A9}.Debug|Any CPU.Build.0 = Debug|Any CPU
		{B6B69839-6434-41E0-923F-1FBE9E25E5A9}.Release|Any CPU.ActiveCfg = Release|Any CPU
		{B6B69839-6434-41E0-923F-1FBE9E25E5A9}.Release|Any CPU.Build.0 = Release|Any CPU
		{2E54B8E1-75B0-420B-AE38-B4329167D7E5}.Debug|Any CPU.ActiveCfg = Debug|Any CPU
		{2E54B8E1-75B0-420B-AE38-B4329167D7E5}.Debug|Any CPU.Build.0 = Debug|Any CPU
		{2E54B8E1-75B0-420B-AE38-B4329167D7E5}.Release|Any CPU.ActiveCfg = Release|Any CPU
		{2E54B8E1-75B0-420B-AE38-B4329167D7E5}.Release|Any CPU.Build.0 = Release|Any CPU
	EndGlobalSection
	GlobalSection(SolutionProperties) = preSolution
		HideSolutionNode = FALSE
	EndGlobalSection
EndGlobal
